
Microsoft Visual Studio Solution File, Format Version 12.00
# Visual Studio 15
VisualStudioVersion = 15.0.27428.2005
MinimumVisualStudioVersion = 10.0.40219.1
Project("{FAE04EC0-301F-11D3-BF4B-00C04F79EFBC}") = "WebApplication16", "WebApplication16\WebApplication16.csproj", "{67D6DDD6-682B-4FDD-9E0B-62B0E03FAC4D}"
EndProject
Global
	GlobalSection(SolutionConfigurationPlatforms) = preSolution
		Debug|Any CPU = Debug|Any CPU
		Release|Any CPU = Release|Any CPU
	EndGlobalSection
	GlobalSection(ProjectConfigurationPlatforms) = postSolution
		{67D6DDD6-682B-4FDD-9E0B-62B0E03FAC4D}.Debug|Any CPU.ActiveCfg = Debug|Any CPU
		{67D6DDD6-682B-4FDD-9E0B-62B0E03FAC4D}.Debug|Any CPU.Build.0 = Debug|Any CPU
		{67D6DDD6-682B-4FDD-9E0B-62B0E03FAC4D}.Release|Any CPU.ActiveCfg = Release|Any CPU
		{67D6DDD6-682B-4FDD-9E0B-62B0E03FAC4D}.Release|Any CPU.Build.0 = Release|Any CPU
	EndGlobalSection
	GlobalSection(SolutionProperties) = preSolution
		HideSolutionNode = FALSE
	EndGlobalSection
	GlobalSection(ExtensibilityGlobals) = postSolution
		SolutionGuid = {F1617723-01B6-41C7-8D49-09970F3E06D0}
	EndGlobalSection
EndGlobal
